
Microsoft Visual Studio Solution File, Format Version 12.00
# Visual Studio Version 17
VisualStudioVersion = 17.6.33712.159
MinimumVisualStudioVersion = 10.0.40219.1
Project("{2150E333-8FDC-42A3-9474-1A3956D46DE8}") = "Services", "Services", "{EF875AA9-E508-4F73-AB4E-86B42DF5FE35}"
EndProject
Project("{2150E333-8FDC-42A3-9474-1A3956D46DE8}") = "Catalog", "Catalog", "{E2EBF2DE-E4EF-4262-A43A-59A71A44D201}"
EndProject
Project("{FAE04EC0-301F-11D3-BF4B-00C04F79EFBC}") = "Catalog.API", "Services\Catalog\Catalog.API\Catalog.API.csproj", "{114C7DB1-D59D-408A-A745-FE388733F265}"
EndProject
Global
	GlobalSection(SolutionConfigurationPlatforms) = preSolution
		Debug|Any CPU = Debug|Any CPU
		Release|Any CPU = Release|Any CPU
	EndGlobalSection
	GlobalSection(ProjectConfigurationPlatforms) = postSolution
		{114C7DB1-D59D-408A-A745-FE388733F265}.Debug|Any CPU.ActiveCfg = Debug|Any CPU
		{114C7DB1-D59D-408A-A745-FE388733F265}.Debug|Any CPU.Build.0 = Debug|Any CPU
		{114C7DB1-D59D-408A-A745-FE388733F265}.Release|Any CPU.ActiveCfg = Release|Any CPU
		{114C7DB1-D59D-408A-A745-FE388733F265}.Release|Any CPU.Build.0 = Release|Any CPU
	EndGlobalSection
	GlobalSection(SolutionProperties) = preSolution
		HideSolutionNode = FALSE
	EndGlobalSection
	GlobalSection(NestedProjects) = preSolution
		{E2EBF2DE-E4EF-4262-A43A-59A71A44D201} = {EF875AA9-E508-4F73-AB4E-86B42DF5FE35}
		{114C7DB1-D59D-408A-A745-FE388733F265} = {E2EBF2DE-E4EF-4262-A43A-59A71A44D201}
	EndGlobalSection
	GlobalSection(ExtensibilityGlobals) = postSolution
		SolutionGuid = {D41AD15A-0FBC-4756-A084-B29241D489D6}
	EndGlobalSection
EndGlobal
