
Microsoft Visual Studio Solution File, Format Version 12.00
# Visual Studio Version 17
VisualStudioVersion = 17.6.33712.159
MinimumVisualStudioVersion = 10.0.40219.1
Project("{2150E333-8FDC-42A3-9474-1A3956D46DE8}") = "Services", "Services", "{EF875AA9-E508-4F73-AB4E-86B42DF5FE35}"
EndProject
Project("{2150E333-8FDC-42A3-9474-1A3956D46DE8}") = "Catalog", "Catalog", "{E2EBF2DE-E4EF-4262-A43A-59A71A44D201}"
EndProject
Project("{9A19103F-16F7-4668-BE54-9A1E7A4F7556}") = "Catalog.API", "Services\Catalog\Catalog.API\Catalog.API.csproj", "{114C7DB1-D59D-408A-A745-FE388733F265}"
EndProject
Project("{E53339B2-1760-4266-BCC7-CA923CBCF16C}") = "docker-compose", "docker-compose.dcproj", "{B20FE083-4C1C-4356-8DF8-43E804830FA4}"
EndProject
Project("{2150E333-8FDC-42A3-9474-1A3956D46DE8}") = "Basket", "Basket", "{BEA31463-E178-4E9D-81AF-01024DB11CD6}"
EndProject
Project("{9A19103F-16F7-4668-BE54-9A1E7A4F7556}") = "Basket.API", "Services\Basket\Basket.API\Basket.API.csproj", "{B9FF1224-142B-4F3F-80F1-4F1A8A547AFF}"
EndProject
Project("{2150E333-8FDC-42A3-9474-1A3956D46DE8}") = "Discount", "Discount", "{C38CD0FC-7A53-4AA9-AD82-EC970D187730}"
EndProject
Project("{9A19103F-16F7-4668-BE54-9A1E7A4F7556}") = "Discount.API", "Services\Discount\Discount.API\Discount.API.csproj", "{FAE641EA-5B86-4F03-856D-E4D0EAFF5610}"
EndProject
Project("{9A19103F-16F7-4668-BE54-9A1E7A4F7556}") = "Discount.Grpc", "Services\Discount\Discount.Grpc\Discount.Grpc.csproj", "{8DB4A40F-E3FF-4118-9497-8E2D44402174}"
EndProject
Project("{2150E333-8FDC-42A3-9474-1A3956D46DE8}") = "Ordering", "Ordering", "{9AB0D289-B6B1-40BA-8802-D61C7E334B7C}"
EndProject
Project("{FAE04EC0-301F-11D3-BF4B-00C04F79EFBC}") = "Ordering.API", "Services\Ordering\Ordering.API\Ordering.API.csproj", "{AE98CF85-B08D-4202-A8CA-846252141951}"
EndProject
Project("{FAE04EC0-301F-11D3-BF4B-00C04F79EFBC}") = "Ordering.Domain", "Services\Ordering\Ordering.Domain\Ordering.Domain.csproj", "{6DA113D4-249A-460C-A83D-80E8E68845EE}"
EndProject
Project("{FAE04EC0-301F-11D3-BF4B-00C04F79EFBC}") = "Ordering.Application", "Services\Ordering\Ordering.Application\Ordering.Application.csproj", "{6B855A4E-FABC-4126-9C3D-A240D237E1BF}"
EndProject
Project("{FAE04EC0-301F-11D3-BF4B-00C04F79EFBC}") = "Ordering.Infrastructure", "Services\Ordering\Ordering.Infrastructure\Ordering.Infrastructure.csproj", "{DB728B62-A341-451D-8804-DCB7D4374FE3}"
EndProject
Global
	GlobalSection(SolutionConfigurationPlatforms) = preSolution
		Debug|Any CPU = Debug|Any CPU
		Release|Any CPU = Release|Any CPU
	EndGlobalSection
	GlobalSection(ProjectConfigurationPlatforms) = postSolution
		{114C7DB1-D59D-408A-A745-FE388733F265}.Debug|Any CPU.ActiveCfg = Debug|Any CPU
		{114C7DB1-D59D-408A-A745-FE388733F265}.Debug|Any CPU.Build.0 = Debug|Any CPU
		{114C7DB1-D59D-408A-A745-FE388733F265}.Release|Any CPU.ActiveCfg = Release|Any CPU
		{114C7DB1-D59D-408A-A745-FE388733F265}.Release|Any CPU.Build.0 = Release|Any CPU
		{B20FE083-4C1C-4356-8DF8-43E804830FA4}.Debug|Any CPU.ActiveCfg = Debug|Any CPU
		{B20FE083-4C1C-4356-8DF8-43E804830FA4}.Debug|Any CPU.Build.0 = Debug|Any CPU
		{B20FE083-4C1C-4356-8DF8-43E804830FA4}.Release|Any CPU.ActiveCfg = Release|Any CPU
		{B20FE083-4C1C-4356-8DF8-43E804830FA4}.Release|Any CPU.Build.0 = Release|Any CPU
		{B9FF1224-142B-4F3F-80F1-4F1A8A547AFF}.Debug|Any CPU.ActiveCfg = Debug|Any CPU
		{B9FF1224-142B-4F3F-80F1-4F1A8A547AFF}.Debug|Any CPU.Build.0 = Debug|Any CPU
		{B9FF1224-142B-4F3F-80F1-4F1A8A547AFF}.Release|Any CPU.ActiveCfg = Release|Any CPU
		{B9FF1224-142B-4F3F-80F1-4F1A8A547AFF}.Release|Any CPU.Build.0 = Release|Any CPU
		{FAE641EA-5B86-4F03-856D-E4D0EAFF5610}.Debug|Any CPU.ActiveCfg = Debug|Any CPU
		{FAE641EA-5B86-4F03-856D-E4D0EAFF5610}.Debug|Any CPU.Build.0 = Debug|Any CPU
		{FAE641EA-5B86-4F03-856D-E4D0EAFF5610}.Release|Any CPU.ActiveCfg = Release|Any CPU
		{FAE641EA-5B86-4F03-856D-E4D0EAFF5610}.Release|Any CPU.Build.0 = Release|Any CPU
		{8DB4A40F-E3FF-4118-9497-8E2D44402174}.Debug|Any CPU.ActiveCfg = Debug|Any CPU
		{8DB4A40F-E3FF-4118-9497-8E2D44402174}.Debug|Any CPU.Build.0 = Debug|Any CPU
		{8DB4A40F-E3FF-4118-9497-8E2D44402174}.Release|Any CPU.ActiveCfg = Release|Any CPU
		{8DB4A40F-E3FF-4118-9497-8E2D44402174}.Release|Any CPU.Build.0 = Release|Any CPU
		{AE98CF85-B08D-4202-A8CA-846252141951}.Debug|Any CPU.ActiveCfg = Debug|Any CPU
		{AE98CF85-B08D-4202-A8CA-846252141951}.Debug|Any CPU.Build.0 = Debug|Any CPU
		{AE98CF85-B08D-4202-A8CA-846252141951}.Release|Any CPU.ActiveCfg = Release|Any CPU
		{AE98CF85-B08D-4202-A8CA-846252141951}.Release|Any CPU.Build.0 = Release|Any CPU
		{6DA113D4-249A-460C-A83D-80E8E68845EE}.Debug|Any CPU.ActiveCfg = Debug|Any CPU
		{6DA113D4-249A-460C-A83D-80E8E68845EE}.Debug|Any CPU.Build.0 = Debug|Any CPU
		{6DA113D4-249A-460C-A83D-80E8E68845EE}.Release|Any CPU.ActiveCfg = Release|Any CPU
		{6DA113D4-249A-460C-A83D-80E8E68845EE}.Release|Any CPU.Build.0 = Release|Any CPU
		{6B855A4E-FABC-4126-9C3D-A240D237E1BF}.Debug|Any CPU.ActiveCfg = Debug|Any CPU
		{6B855A4E-FABC-4126-9C3D-A240D237E1BF}.Debug|Any CPU.Build.0 = Debug|Any CPU
		{6B855A4E-FABC-4126-9C3D-A240D237E1BF}.Release|Any CPU.ActiveCfg = Release|Any CPU
		{6B855A4E-FABC-4126-9C3D-A240D237E1BF}.Release|Any CPU.Build.0 = Release|Any CPU
		{DB728B62-A341-451D-8804-DCB7D4374FE3}.Debug|Any CPU.ActiveCfg = Debug|Any CPU
		{DB728B62-A341-451D-8804-DCB7D4374FE3}.Debug|Any CPU.Build.0 = Debug|Any CPU
		{DB728B62-A341-451D-8804-DCB7D4374FE3}.Release|Any CPU.ActiveCfg = Release|Any CPU
		{DB728B62-A341-451D-8804-DCB7D4374FE3}.Release|Any CPU.Build.0 = Release|Any CPU
	EndGlobalSection
	GlobalSection(SolutionProperties) = preSolution
		HideSolutionNode = FALSE
	EndGlobalSection
	GlobalSection(NestedProjects) = preSolution
		{E2EBF2DE-E4EF-4262-A43A-59A71A44D201} = {EF875AA9-E508-4F73-AB4E-86B42DF5FE35}
		{114C7DB1-D59D-408A-A745-FE388733F265} = {E2EBF2DE-E4EF-4262-A43A-59A71A44D201}
		{BEA31463-E178-4E9D-81AF-01024DB11CD6} = {EF875AA9-E508-4F73-AB4E-86B42DF5FE35}
		{B9FF1224-142B-4F3F-80F1-4F1A8A547AFF} = {BEA31463-E178-4E9D-81AF-01024DB11CD6}
		{C38CD0FC-7A53-4AA9-AD82-EC970D187730} = {EF875AA9-E508-4F73-AB4E-86B42DF5FE35}
		{FAE641EA-5B86-4F03-856D-E4D0EAFF5610} = {C38CD0FC-7A53-4AA9-AD82-EC970D187730}
		{8DB4A40F-E3FF-4118-9497-8E2D44402174} = {C38CD0FC-7A53-4AA9-AD82-EC970D187730}
		{9AB0D289-B6B1-40BA-8802-D61C7E334B7C} = {EF875AA9-E508-4F73-AB4E-86B42DF5FE35}
		{AE98CF85-B08D-4202-A8CA-846252141951} = {9AB0D289-B6B1-40BA-8802-D61C7E334B7C}
		{6DA113D4-249A-460C-A83D-80E8E68845EE} = {9AB0D289-B6B1-40BA-8802-D61C7E334B7C}
		{6B855A4E-FABC-4126-9C3D-A240D237E1BF} = {9AB0D289-B6B1-40BA-8802-D61C7E334B7C}
		{DB728B62-A341-451D-8804-DCB7D4374FE3} = {9AB0D289-B6B1-40BA-8802-D61C7E334B7C}
	EndGlobalSection
	GlobalSection(ExtensibilityGlobals) = postSolution
		SolutionGuid = {D41AD15A-0FBC-4756-A084-B29241D489D6}
	EndGlobalSection
EndGlobal
